
Microsoft Visual Studio Solution File, Format Version 12.00
# Visual Studio 15
VisualStudioVersion = 15.0.27703.2042
MinimumVisualStudioVersion = 10.0.40219.1
Project("{9A19103F-16F7-4668-BE54-9A1E7A4F7556}") = "Closer", "Closer\Closer.csproj", "{1F5A2EC6-264D-429D-9F2E-E5B2BDB61E28}"
EndProject
Global
	GlobalSection(SolutionConfigurationPlatforms) = preSolution
		Debug|Any CPU = Debug|Any CPU
		Release|Any CPU = Release|Any CPU
	EndGlobalSection
	GlobalSection(ProjectConfigurationPlatforms) = postSolution
		{1F5A2EC6-264D-429D-9F2E-E5B2BDB61E28}.Debug|Any CPU.ActiveCfg = Debug|Any CPU
		{1F5A2EC6-264D-429D-9F2E-E5B2BDB61E28}.Debug|Any CPU.Build.0 = Debug|Any CPU
		{1F5A2EC6-264D-429D-9F2E-E5B2BDB61E28}.Release|Any CPU.ActiveCfg = Release|Any CPU
		{1F5A2EC6-264D-429D-9F2E-E5B2BDB61E28}.Release|Any CPU.Build.0 = Release|Any CPU
	EndGlobalSection
	GlobalSection(SolutionProperties) = preSolution
		HideSolutionNode = FALSE
	EndGlobalSection
	GlobalSection(ExtensibilityGlobals) = postSolution
		SolutionGuid = {D35F905F-2098-4E90-BA77-0EAAE37A37EB}
	EndGlobalSection
EndGlobal
